
Microsoft Visual Studio Solution File, Format Version 12.00
# Visual Studio Version 17
VisualStudioVersion = 17.2.32630.192
MinimumVisualStudioVersion = 10.0.40219.1
Project("{9A19103F-16F7-4668-BE54-9A1E7A4F7556}") = "Shared", "Shared\ExperimentFrameworkShared.csproj", "{E97F9924-EDCB-4A70-AE9C-97EEEB95B5C1}"
EndProject
Project("{9A19103F-16F7-4668-BE54-9A1E7A4F7556}") = "SharedWinUI", "SharedWinUI\SharedWinUI.csproj", "{420B72EC-372A-44E2-915B-D485050E8FEF}"
EndProject
Project("{FAE04EC0-301F-11D3-BF4B-00C04F79EFBC}") = "TestApp", "TestApp\TestApp.csproj", "{28B765A4-090F-4034-8002-A9769BF93A12}"
EndProject
Project("{FAE04EC0-301F-11D3-BF4B-00C04F79EFBC}") = "UserControls", "UserControls\UserControls.csproj", "{CAAFE1FE-BEA6-471B-B493-6AEF479E41AA}"
EndProject
Global
	GlobalSection(SolutionConfigurationPlatforms) = preSolution
		Debug|Any CPU = Debug|Any CPU
		Debug|arm64 = Debug|arm64
		Debug|x64 = Debug|x64
		Debug|x86 = Debug|x86
		Release|Any CPU = Release|Any CPU
		Release|arm64 = Release|arm64
		Release|x64 = Release|x64
		Release|x86 = Release|x86
	EndGlobalSection
	GlobalSection(ProjectConfigurationPlatforms) = postSolution
		{E97F9924-EDCB-4A70-AE9C-97EEEB95B5C1}.Debug|Any CPU.ActiveCfg = Debug|Any CPU
		{E97F9924-EDCB-4A70-AE9C-97EEEB95B5C1}.Debug|Any CPU.Build.0 = Debug|Any CPU
		{E97F9924-EDCB-4A70-AE9C-97EEEB95B5C1}.Debug|arm64.ActiveCfg = Debug|Any CPU
		{E97F9924-EDCB-4A70-AE9C-97EEEB95B5C1}.Debug|arm64.Build.0 = Debug|Any CPU
		{E97F9924-EDCB-4A70-AE9C-97EEEB95B5C1}.Debug|x64.ActiveCfg = Debug|Any CPU
		{E97F9924-EDCB-4A70-AE9C-97EEEB95B5C1}.Debug|x64.Build.0 = Debug|Any CPU
		{E97F9924-EDCB-4A70-AE9C-97EEEB95B5C1}.Debug|x86.ActiveCfg = Debug|Any CPU
		{E97F9924-EDCB-4A70-AE9C-97EEEB95B5C1}.Debug|x86.Build.0 = Debug|Any CPU
		{E97F9924-EDCB-4A70-AE9C-97EEEB95B5C1}.Release|Any CPU.ActiveCfg = Release|Any CPU
		{E97F9924-EDCB-4A70-AE9C-97EEEB95B5C1}.Release|Any CPU.Build.0 = Release|Any CPU
		{E97F9924-EDCB-4A70-AE9C-97EEEB95B5C1}.Release|arm64.ActiveCfg = Release|Any CPU
		{E97F9924-EDCB-4A70-AE9C-97EEEB95B5C1}.Release|arm64.Build.0 = Release|Any CPU
		{E97F9924-EDCB-4A70-AE9C-97EEEB95B5C1}.Release|x64.ActiveCfg = Release|Any CPU
		{E97F9924-EDCB-4A70-AE9C-97EEEB95B5C1}.Release|x64.Build.0 = Release|Any CPU
		{E97F9924-EDCB-4A70-AE9C-97EEEB95B5C1}.Release|x86.ActiveCfg = Release|Any CPU
		{E97F9924-EDCB-4A70-AE9C-97EEEB95B5C1}.Release|x86.Build.0 = Release|Any CPU
		{420B72EC-372A-44E2-915B-D485050E8FEF}.Debug|Any CPU.ActiveCfg = Debug|Any CPU
		{420B72EC-372A-44E2-915B-D485050E8FEF}.Debug|Any CPU.Build.0 = Debug|Any CPU
		{420B72EC-372A-44E2-915B-D485050E8FEF}.Debug|arm64.ActiveCfg = Debug|Any CPU
		{420B72EC-372A-44E2-915B-D485050E8FEF}.Debug|arm64.Build.0 = Debug|Any CPU
		{420B72EC-372A-44E2-915B-D485050E8FEF}.Debug|x64.ActiveCfg = Debug|Any CPU
		{420B72EC-372A-44E2-915B-D485050E8FEF}.Debug|x64.Build.0 = Debug|Any CPU
		{420B72EC-372A-44E2-915B-D485050E8FEF}.Debug|x86.ActiveCfg = Debug|Any CPU
		{420B72EC-372A-44E2-915B-D485050E8FEF}.Debug|x86.Build.0 = Debug|Any CPU
		{420B72EC-372A-44E2-915B-D485050E8FEF}.Release|Any CPU.ActiveCfg = Release|Any CPU
		{420B72EC-372A-44E2-915B-D485050E8FEF}.Release|Any CPU.Build.0 = Release|Any CPU
		{420B72EC-372A-44E2-915B-D485050E8FEF}.Release|arm64.ActiveCfg = Release|Any CPU
		{420B72EC-372A-44E2-915B-D485050E8FEF}.Release|arm64.Build.0 = Release|Any CPU
		{420B72EC-372A-44E2-915B-D485050E8FEF}.Release|x64.ActiveCfg = Release|Any CPU
		{420B72EC-372A-44E2-915B-D485050E8FEF}.Release|x64.Build.0 = Release|Any CPU
		{420B72EC-372A-44E2-915B-D485050E8FEF}.Release|x86.ActiveCfg = Release|Any CPU
		{420B72EC-372A-44E2-915B-D485050E8FEF}.Release|x86.Build.0 = Release|Any CPU
		{28B765A4-090F-4034-8002-A9769BF93A12}.Debug|Any CPU.ActiveCfg = Debug|x64
		{28B765A4-090F-4034-8002-A9769BF93A12}.Debug|Any CPU.Build.0 = Debug|x64
		{28B765A4-090F-4034-8002-A9769BF93A12}.Debug|Any CPU.Deploy.0 = Debug|x64
		{28B765A4-090F-4034-8002-A9769BF93A12}.Debug|arm64.ActiveCfg = Debug|arm64
		{28B765A4-090F-4034-8002-A9769BF93A12}.Debug|arm64.Build.0 = Debug|arm64
		{28B765A4-090F-4034-8002-A9769BF93A12}.Debug|arm64.Deploy.0 = Debug|arm64
		{28B765A4-090F-4034-8002-A9769BF93A12}.Debug|x64.ActiveCfg = Debug|x64
		{28B765A4-090F-4034-8002-A9769BF93A12}.Debug|x64.Build.0 = Debug|x64
		{28B765A4-090F-4034-8002-A9769BF93A12}.Debug|x64.Deploy.0 = Debug|x64
		{28B765A4-090F-4034-8002-A9769BF93A12}.Debug|x86.ActiveCfg = Debug|x86
		{28B765A4-090F-4034-8002-A9769BF93A12}.Debug|x86.Build.0 = Debug|x86
		{28B765A4-090F-4034-8002-A9769BF93A12}.Debug|x86.Deploy.0 = Debug|x86
		{28B765A4-090F-4034-8002-A9769BF93A12}.Release|Any CPU.ActiveCfg = Release|x64
		{28B765A4-090F-4034-8002-A9769BF93A12}.Release|Any CPU.Build.0 = Release|x64
		{28B765A4-090F-4034-8002-A9769BF93A12}.Release|Any CPU.Deploy.0 = Release|x64
		{28B765A4-090F-4034-8002-A9769BF93A12}.Release|arm64.ActiveCfg = Release|arm64
		{28B765A4-090F-4034-8002-A9769BF93A12}.Release|arm64.Build.0 = Release|arm64
		{28B765A4-090F-4034-8002-A9769BF93A12}.Release|arm64.Deploy.0 = Release|arm64
		{28B765A4-090F-4034-8002-A9769BF93A12}.Release|x64.ActiveCfg = Release|x64
		{28B765A4-090F-4034-8002-A9769BF93A12}.Release|x64.Build.0 = Release|x64
		{28B765A4-090F-4034-8002-A9769BF93A12}.Release|x64.Deploy.0 = Release|x64
		{28B765A4-090F-4034-8002-A9769BF93A12}.Release|x86.ActiveCfg = Release|x86
		{28B765A4-090F-4034-8002-A9769BF93A12}.Release|x86.Build.0 = Release|x86
		{28B765A4-090F-4034-8002-A9769BF93A12}.Release|x86.Deploy.0 = Release|x86
		{CAAFE1FE-BEA6-471B-B493-6AEF479E41AA}.Debug|Any CPU.ActiveCfg = Debug|Any CPU
		{CAAFE1FE-BEA6-471B-B493-6AEF479E41AA}.Debug|Any CPU.Build.0 = Debug|Any CPU
		{CAAFE1FE-BEA6-471B-B493-6AEF479E41AA}.Debug|arm64.ActiveCfg = Debug|Any CPU
		{CAAFE1FE-BEA6-471B-B493-6AEF479E41AA}.Debug|arm64.Build.0 = Debug|Any CPU
		{CAAFE1FE-BEA6-471B-B493-6AEF479E41AA}.Debug|x64.ActiveCfg = Debug|Any CPU
		{CAAFE1FE-BEA6-471B-B493-6AEF479E41AA}.Debug|x64.Build.0 = Debug|Any CPU
		{CAAFE1FE-BEA6-471B-B493-6AEF479E41AA}.Debug|x86.ActiveCfg = Debug|Any CPU
		{CAAFE1FE-BEA6-471B-B493-6AEF479E41AA}.Debug|x86.Build.0 = Debug|Any CPU
		{CAAFE1FE-BEA6-471B-B493-6AEF479E41AA}.Release|Any CPU.ActiveCfg = Release|Any CPU
		{CAAFE1FE-BEA6-471B-B493-6AEF479E41AA}.Release|Any CPU.Build.0 = Release|Any CPU
		{CAAFE1FE-BEA6-471B-B493-6AEF479E41AA}.Release|arm64.ActiveCfg = Release|Any CPU
		{CAAFE1FE-BEA6-471B-B493-6AEF479E41AA}.Release|arm64.Build.0 = Release|Any CPU
		{CAAFE1FE-BEA6-471B-B493-6AEF479E41AA}.Release|x64.ActiveCfg = Release|Any CPU
		{CAAFE1FE-BEA6-471B-B493-6AEF479E41AA}.Release|x64.Build.0 = Release|Any CPU
		{CAAFE1FE-BEA6-471B-B493-6AEF479E41AA}.Release|x86.ActiveCfg = Release|Any CPU
		{CAAFE1FE-BEA6-471B-B493-6AEF479E41AA}.Release|x86.Build.0 = Release|Any CPU
	EndGlobalSection
	GlobalSection(SolutionProperties) = preSolution
		HideSolutionNode = FALSE
	EndGlobalSection
	GlobalSection(ExtensibilityGlobals) = postSolution
		SolutionGuid = {EBEBD4F9-3ED6-4778-918A-B113570FBCF2}
	EndGlobalSection
EndGlobal
